// !$*UTF8*$!
{
	archiveVersion = 1;
	classes = {
	};
	objectVersion = 46;
	objects = {

/* Begin PBXBuildFile section */
		972FD53416A672CC00FC69A1 /* openGLViewController.m in Sources */ = {isa = PBXBuildFile; fileRef = 972FD53216A672CC00FC69A1 /* openGLViewController.m */; };
		972FD53516A672CC00FC69A1 /* openGLViewController.xib in Resources */ = {isa = PBXBuildFile; fileRef = 972FD53316A672CC00FC69A1 /* openGLViewController.xib */; };
		972FD53B16A6743300FC69A1 /* GLKit.framework in Frameworks */ = {isa = PBXBuildFile; fileRef = 972FD53A16A6743300FC69A1 /* GLKit.framework */; };
		972FD53D16A6753D00FC69A1 /* OpenGLES.framework in Frameworks */ = {isa = PBXBuildFile; fileRef = 972FD53C16A6753D00FC69A1 /* OpenGLES.framework */; };
		D88D7A0F169E0AB900F81CAF /* UIKit.framework in Frameworks */ = {isa = PBXBuildFile; fileRef = D88D7A0E169E0AB900F81CAF /* UIKit.framework */; };
		D88D7A11169E0AB900F81CAF /* Foundation.framework in Frameworks */ = {isa = PBXBuildFile; fileRef = D88D7A10169E0AB900F81CAF /* Foundation.framework */; };
		D88D7A13169E0AB900F81CAF /* CoreGraphics.framework in Frameworks */ = {isa = PBXBuildFile; fileRef = D88D7A12169E0AB900F81CAF /* CoreGraphics.framework */; };
		D88D7A19169E0AB900F81CAF /* InfoPlist.strings in Resources */ = {isa = PBXBuildFile; fileRef = D88D7A17169E0AB900F81CAF /* InfoPlist.strings */; };
		D88D7A1B169E0AB900F81CAF /* main.m in Sources */ = {isa = PBXBuildFile; fileRef = D88D7A1A169E0AB900F81CAF /* main.m */; };
		D88D7A1F169E0AB900F81CAF /* stertsAppDelegate.m in Sources */ = {isa = PBXBuildFile; fileRef = D88D7A1E169E0AB900F81CAF /* stertsAppDelegate.m */; };
		D88D7A21169E0ABA00F81CAF /* Default.png in Resources */ = {isa = PBXBuildFile; fileRef = D88D7A20169E0ABA00F81CAF /* Default.png */; };
		D88D7A23169E0ABA00F81CAF /* Default@2x.png in Resources */ = {isa = PBXBuildFile; fileRef = D88D7A22169E0ABA00F81CAF /* Default@2x.png */; };
		D88D7A25169E0ABA00F81CAF /* Default-568h@2x.png in Resources */ = {isa = PBXBuildFile; fileRef = D88D7A24169E0ABA00F81CAF /* Default-568h@2x.png */; };
		D88D7A30169E0B1C00F81CAF /* JsonViewController.m in Sources */ = {isa = PBXBuildFile; fileRef = D88D7A2E169E0B1C00F81CAF /* JsonViewController.m */; };
		D88D7A31169E0B1C00F81CAF /* JsonViewController.xib in Resources */ = {isa = PBXBuildFile; fileRef = D88D7A2F169E0B1C00F81CAF /* JsonViewController.xib */; };
/* End PBXBuildFile section */

/* Begin PBXFileReference section */
		972FD53116A672CC00FC69A1 /* openGLViewController.h */ = {isa = PBXFileReference; fileEncoding = 4; lastKnownFileType = sourcecode.c.h; path = openGLViewController.h; sourceTree = "<group>"; };
		972FD53216A672CC00FC69A1 /* openGLViewController.m */ = {isa = PBXFileReference; fileEncoding = 4; lastKnownFileType = sourcecode.c.objc; path = openGLViewController.m; sourceTree = "<group>"; };
		972FD53316A672CC00FC69A1 /* openGLViewController.xib */ = {isa = PBXFileReference; fileEncoding = 4; lastKnownFileType = file.xib; path = openGLViewController.xib; sourceTree = "<group>"; };
		972FD53A16A6743300FC69A1 /* GLKit.framework */ = {isa = PBXFileReference; lastKnownFileType = wrapper.framework; name = GLKit.framework; path = System/Library/Frameworks/GLKit.framework; sourceTree = SDKROOT; };
		972FD53C16A6753D00FC69A1 /* OpenGLES.framework */ = {isa = PBXFileReference; lastKnownFileType = wrapper.framework; name = OpenGLES.framework; path = System/Library/Frameworks/OpenGLES.framework; sourceTree = SDKROOT; };
		D88D7A0A169E0AB900F81CAF /* sterts.app */ = {isa = PBXFileReference; explicitFileType = wrapper.application; includeInIndex = 0; path = sterts.app; sourceTree = BUILT_PRODUCTS_DIR; };
		D88D7A0E169E0AB900F81CAF /* UIKit.framework */ = {isa = PBXFileReference; lastKnownFileType = wrapper.framework; name = UIKit.framework; path = System/Library/Frameworks/UIKit.framework; sourceTree = SDKROOT; };
		D88D7A10169E0AB900F81CAF /* Foundation.framework */ = {isa = PBXFileReference; lastKnownFileType = wrapper.framework; name = Foundation.framework; path = System/Library/Frameworks/Foundation.framework; sourceTree = SDKROOT; };
		D88D7A12169E0AB900F81CAF /* CoreGraphics.framework */ = {isa = PBXFileReference; lastKnownFileType = wrapper.framework; name = CoreGraphics.framework; path = System/Library/Frameworks/CoreGraphics.framework; sourceTree = SDKROOT; };
		D88D7A16169E0AB900F81CAF /* sterts-Info.plist */ = {isa = PBXFileReference; lastKnownFileType = text.plist.xml; path = "sterts-Info.plist"; sourceTree = "<group>"; };
		D88D7A18169E0AB900F81CAF /* en */ = {isa = PBXFileReference; lastKnownFileType = text.plist.strings; name = en; path = en.lproj/InfoPlist.strings; sourceTree = "<group>"; };
		D88D7A1A169E0AB900F81CAF /* main.m */ = {isa = PBXFileReference; lastKnownFileType = sourcecode.c.objc; path = main.m; sourceTree = "<group>"; };
		D88D7A1C169E0AB900F81CAF /* sterts-Prefix.pch */ = {isa = PBXFileReference; lastKnownFileType = sourcecode.c.h; path = "sterts-Prefix.pch"; sourceTree = "<group>"; };
		D88D7A1D169E0AB900F81CAF /* stertsAppDelegate.h */ = {isa = PBXFileReference; lastKnownFileType = sourcecode.c.h; path = stertsAppDelegate.h; sourceTree = "<group>"; };
		D88D7A1E169E0AB900F81CAF /* stertsAppDelegate.m */ = {isa = PBXFileReference; lastKnownFileType = sourcecode.c.objc; path = stertsAppDelegate.m; sourceTree = "<group>"; };
		D88D7A20169E0ABA00F81CAF /* Default.png */ = {isa = PBXFileReference; lastKnownFileType = image.png; path = Default.png; sourceTree = "<group>"; };
		D88D7A22169E0ABA00F81CAF /* Default@2x.png */ = {isa = PBXFileReference; lastKnownFileType = image.png; path = "Default@2x.png"; sourceTree = "<group>"; };
		D88D7A24169E0ABA00F81CAF /* Default-568h@2x.png */ = {isa = PBXFileReference; lastKnownFileType = image.png; path = "Default-568h@2x.png"; sourceTree = "<group>"; };
		D88D7A2D169E0B1C00F81CAF /* JsonViewController.h */ = {isa = PBXFileReference; fileEncoding = 4; lastKnownFileType = sourcecode.c.h; path = JsonViewController.h; sourceTree = "<group>"; };
		D88D7A2E169E0B1C00F81CAF /* JsonViewController.m */ = {isa = PBXFileReference; fileEncoding = 4; lastKnownFileType = sourcecode.c.objc; path = JsonViewController.m; sourceTree = "<group>"; };
		D88D7A2F169E0B1C00F81CAF /* JsonViewController.xib */ = {isa = PBXFileReference; fileEncoding = 4; lastKnownFileType = file.xib; path = JsonViewController.xib; sourceTree = "<group>"; };
/* End PBXFileReference section */

/* Begin PBXFrameworksBuildPhase section */
		D88D7A07169E0AB900F81CAF /* Frameworks */ = {
			isa = PBXFrameworksBuildPhase;
			buildActionMask = 2147483647;
			files = (
				972FD53D16A6753D00FC69A1 /* OpenGLES.framework in Frameworks */,
				972FD53B16A6743300FC69A1 /* GLKit.framework in Frameworks */,
				D88D7A0F169E0AB900F81CAF /* UIKit.framework in Frameworks */,
				D88D7A11169E0AB900F81CAF /* Foundation.framework in Frameworks */,
				D88D7A13169E0AB900F81CAF /* CoreGraphics.framework in Frameworks */,
			);
			runOnlyForDeploymentPostprocessing = 0;
		};
/* End PBXFrameworksBuildPhase section */

/* Begin PBXGroup section */
		D88D79FF169E0AB900F81CAF = {
			isa = PBXGroup;
			children = (
				972FD53C16A6753D00FC69A1 /* OpenGLES.framework */,
				972FD53A16A6743300FC69A1 /* GLKit.framework */,
				972FD53116A672CC00FC69A1 /* openGLViewController.h */,
				972FD53216A672CC00FC69A1 /* openGLViewController.m */,
				972FD53316A672CC00FC69A1 /* openGLViewController.xib */,
				D88D7A2D169E0B1C00F81CAF /* JsonViewController.h */,
				D88D7A2E169E0B1C00F81CAF /* JsonViewController.m */,
				D88D7A2F169E0B1C00F81CAF /* JsonViewController.xib */,
				D88D7A14169E0AB900F81CAF /* sterts */,
				D88D7A0D169E0AB900F81CAF /* Frameworks */,
				D88D7A0B169E0AB900F81CAF /* Products */,
			);
			sourceTree = "<group>";
		};
		D88D7A0B169E0AB900F81CAF /* Products */ = {
			isa = PBXGroup;
			children = (
				D88D7A0A169E0AB900F81CAF /* sterts.app */,
			);
			name = Products;
			sourceTree = "<group>";
		};
		D88D7A0D169E0AB900F81CAF /* Frameworks */ = {
			isa = PBXGroup;
			children = (
				D88D7A0E169E0AB900F81CAF /* UIKit.framework */,
				D88D7A10169E0AB900F81CAF /* Foundation.framework */,
				D88D7A12169E0AB900F81CAF /* CoreGraphics.framework */,
			);
			name = Frameworks;
			sourceTree = "<group>";
		};
		D88D7A14169E0AB900F81CAF /* sterts */ = {
			isa = PBXGroup;
			children = (
				D88D7A1D169E0AB900F81CAF /* stertsAppDelegate.h */,
				D88D7A1E169E0AB900F81CAF /* stertsAppDelegate.m */,
				D88D7A15169E0AB900F81CAF /* Supporting Files */,
			);
			path = sterts;
			sourceTree = "<group>";
		};
		D88D7A15169E0AB900F81CAF /* Supporting Files */ = {
			isa = PBXGroup;
			children = (
				D88D7A16169E0AB900F81CAF /* sterts-Info.plist */,
				D88D7A17169E0AB900F81CAF /* InfoPlist.strings */,
				D88D7A1A169E0AB900F81CAF /* main.m */,
				D88D7A1C169E0AB900F81CAF /* sterts-Prefix.pch */,
				D88D7A20169E0ABA00F81CAF /* Default.png */,
				D88D7A22169E0ABA00F81CAF /* Default@2x.png */,
				D88D7A24169E0ABA00F81CAF /* Default-568h@2x.png */,
			);
			name = "Supporting Files";
			sourceTree = "<group>";
		};
/* End PBXGroup section */

/* Begin PBXNativeTarget section */
		D88D7A09169E0AB900F81CAF /* sterts */ = {
			isa = PBXNativeTarget;
			buildConfigurationList = D88D7A28169E0ABA00F81CAF /* Build configuration list for PBXNativeTarget "sterts" */;
			buildPhases = (
				D88D7A06169E0AB900F81CAF /* Sources */,
				D88D7A07169E0AB900F81CAF /* Frameworks */,
				D88D7A08169E0AB900F81CAF /* Resources */,
			);
			buildRules = (
			);
			dependencies = (
			);
			name = sterts;
			productName = sterts;
			productReference = D88D7A0A169E0AB900F81CAF /* sterts.app */;
			productType = "com.apple.product-type.application";
		};
/* End PBXNativeTarget section */

/* Begin PBXProject section */
		D88D7A01169E0AB900F81CAF /* Project object */ = {
			isa = PBXProject;
			attributes = {
				CLASSPREFIX = sterts;
				LastUpgradeCheck = 0450;
				ORGANIZATIONNAME = "Humboldt Technology Group, LLC";
			};
			buildConfigurationList = D88D7A04169E0AB900F81CAF /* Build configuration list for PBXProject "sterts" */;
			compatibilityVersion = "Xcode 3.2";
			developmentRegion = English;
			hasScannedForEncodings = 0;
			knownRegions = (
				en,
			);
			mainGroup = D88D79FF169E0AB900F81CAF;
			productRefGroup = D88D7A0B169E0AB900F81CAF /* Products */;
			projectDirPath = "";
			projectRoot = "";
			targets = (
				D88D7A09169E0AB900F81CAF /* sterts */,
			);
		};
/* End PBXProject section */

/* Begin PBXResourcesBuildPhase section */
		D88D7A08169E0AB900F81CAF /* Resources */ = {
			isa = PBXResourcesBuildPhase;
			buildActionMask = 2147483647;
			files = (
				D88D7A19169E0AB900F81CAF /* InfoPlist.strings in Resources */,
				D88D7A21169E0ABA00F81CAF /* Default.png in Resources */,
				D88D7A23169E0ABA00F81CAF /* Default@2x.png in Resources */,
				D88D7A25169E0ABA00F81CAF /* Default-568h@2x.png in Resources */,
				D88D7A31169E0B1C00F81CAF /* JsonViewController.xib in Resources */,
				972FD53516A672CC00FC69A1 /* openGLViewController.xib in Resources */,
			);
			runOnlyForDeploymentPostprocessing = 0;
		};
/* End PBXResourcesBuildPhase section */

/* Begin PBXSourcesBuildPhase section */
		D88D7A06169E0AB900F81CAF /* Sources */ = {
			isa = PBXSourcesBuildPhase;
			buildActionMask = 2147483647;
			files = (
				D88D7A1B169E0AB900F81CAF /* main.m in Sources */,
				D88D7A1F169E0AB900F81CAF /* stertsAppDelegate.m in Sources */,
				D88D7A30169E0B1C00F81CAF /* JsonViewController.m in Sources */,
				972FD53416A672CC00FC69A1 /* openGLViewController.m in Sources */,
			);
			runOnlyForDeploymentPostprocessing = 0;
		};
/* End PBXSourcesBuildPhase section */

/* Begin PBXVariantGroup section */
		D88D7A17169E0AB900F81CAF /* InfoPlist.strings */ = {
			isa = PBXVariantGroup;
			children = (
				D88D7A18169E0AB900F81CAF /* en */,
			);
			name = InfoPlist.strings;
			sourceTree = "<group>";
		};
/* End PBXVariantGroup section */

/* Begin XCBuildConfiguration section */
		D88D7A26169E0ABA00F81CAF /* Debug */ = {
			isa = XCBuildConfiguration;
			buildSettings = {
				ALWAYS_SEARCH_USER_PATHS = NO;
				CLANG_CXX_LANGUAGE_STANDARD = "gnu++0x";
				CLANG_CXX_LIBRARY = "libc++";
				CLANG_ENABLE_OBJC_ARC = YES;
				CLANG_WARN_EMPTY_BODY = YES;
				CLANG_WARN__DUPLICATE_METHOD_MATCH = YES;
				"CODE_SIGN_IDENTITY[sdk=iphoneos*]" = "iPhone Developer";
				COPY_PHASE_STRIP = NO;
				GCC_C_LANGUAGE_STANDARD = gnu99;
				GCC_DYNAMIC_NO_PIC = NO;
				GCC_OPTIMIZATION_LEVEL = 0;
				GCC_PREPROCESSOR_DEFINITIONS = (
					"DEBUG=1",
					"$(inherited)",
				);
				GCC_SYMBOLS_PRIVATE_EXTERN = NO;
				GCC_WARN_ABOUT_RETURN_TYPE = YES;
				GCC_WARN_UNINITIALIZED_AUTOS = YES;
				GCC_WARN_UNUSED_VARIABLE = YES;
				IPHONEOS_DEPLOYMENT_TARGET = 6.0;
				ONLY_ACTIVE_ARCH = YES;
				SDKROOT = iphoneos;
			};
			name = Debug;
		};
		D88D7A27169E0ABA00F81CAF /* Release */ = {
			isa = XCBuildConfiguration;
			buildSettings = {
				ALWAYS_SEARCH_USER_PATHS = NO;
				CLANG_CXX_LANGUAGE_STANDARD = "gnu++0x";
				CLANG_CXX_LIBRARY = "libc++";
				CLANG_ENABLE_OBJC_ARC = YES;
				CLANG_WARN_EMPTY_BODY = YES;
				CLANG_WARN__DUPLICATE_METHOD_MATCH = YES;
				"CODE_SIGN_IDENTITY[sdk=iphoneos*]" = "iPhone Developer";
				COPY_PHASE_STRIP = YES;
				GCC_C_LANGUAGE_STANDARD = gnu99;
				GCC_WARN_ABOUT_RETURN_TYPE = YES;
				GCC_WARN_UNINITIALIZED_AUTOS = YES;
				GCC_WARN_UNUSED_VARIABLE = YES;
				IPHONEOS_DEPLOYMENT_TARGET = 6.0;
				OTHER_CFLAGS = "-DNS_BLOCK_ASSERTIONS=1";
				SDKROOT = iphoneos;
				VALIDATE_PRODUCT = YES;
			};
			name = Release;
		};
		D88D7A29169E0ABA00F81CAF /* Debug */ = {
			isa = XCBuildConfiguration;
			buildSettings = {
				GCC_PRECOMPILE_PREFIX_HEADER = YES;
				GCC_PREFIX_HEADER = "sterts/sterts-Prefix.pch";
				INFOPLIST_FILE = "sterts/sterts-Info.plist";
				IPHONEOS_DEPLOYMENT_TARGET = 6.0;
				PRODUCT_NAME = "$(TARGET_NAME)";
				TARGETED_DEVICE_FAMILY = "1,2";
				WRAPPER_EXTENSION = app;
			};
			name = Debug;
		};
		D88D7A2A169E0ABA00F81CAF /* Release */ = {
			isa = XCBuildConfiguration;
			buildSettings = {
				GCC_PRECOMPILE_PREFIX_HEADER = YES;
				GCC_PREFIX_HEADER = "sterts/sterts-Prefix.pch";
				INFOPLIST_FILE = "sterts/sterts-Info.plist";
				IPHONEOS_DEPLOYMENT_TARGET = 6.0;
				PRODUCT_NAME = "$(TARGET_NAME)";
				TARGETED_DEVICE_FAMILY = "1,2";
				WRAPPER_EXTENSION = app;
			};
			name = Release;
		};
/* End XCBuildConfiguration section */

/* Begin XCConfigurationList section */
		D88D7A04169E0AB900F81CAF /* Build configuration list for PBXProject "sterts" */ = {
			isa = XCConfigurationList;
			buildConfigurations = (
				D88D7A26169E0ABA00F81CAF /* Debug */,
				D88D7A27169E0ABA00F81CAF /* Release */,
			);
			defaultConfigurationIsVisible = 0;
			defaultConfigurationName = Release;
		};
		D88D7A28169E0ABA00F81CAF /* Build configuration list for PBXNativeTarget "sterts" */ = {
			isa = XCConfigurationList;
			buildConfigurations = (
				D88D7A29169E0ABA00F81CAF /* Debug */,
				D88D7A2A169E0ABA00F81CAF /* Release */,
			);
			defaultConfigurationIsVisible = 0;
			defaultConfigurationName = Release;
		};
/* End XCConfigurationList section */
	};
	rootObject = D88D7A01169E0AB900F81CAF /* Project object */;
}
