// !$*UTF8*$!
{
	archiveVersion = 1;
	classes = {
	};
	objectVersion = 46;
	objects = {

/* Begin PBXBuildFile section */
		D8B4550416A722D0006FE699 /* UIKit.framework in Frameworks */ = {isa = PBXBuildFile; fileRef = D8B4550316A722D0006FE699 /* UIKit.framework */; };
		D8B4550616A722D0006FE699 /* Foundation.framework in Frameworks */ = {isa = PBXBuildFile; fileRef = D8B4550516A722D0006FE699 /* Foundation.framework */; };
		D8B4550816A722D0006FE699 /* CoreGraphics.framework in Frameworks */ = {isa = PBXBuildFile; fileRef = D8B4550716A722D0006FE699 /* CoreGraphics.framework */; };
		D8B4550E16A722D0006FE699 /* InfoPlist.strings in Resources */ = {isa = PBXBuildFile; fileRef = D8B4550C16A722D0006FE699 /* InfoPlist.strings */; };
		D8B4551016A722D0006FE699 /* main.m in Sources */ = {isa = PBXBuildFile; fileRef = D8B4550F16A722D0006FE699 /* main.m */; };
		D8B4551416A722D0006FE699 /* testAppDelegate.m in Sources */ = {isa = PBXBuildFile; fileRef = D8B4551316A722D0006FE699 /* testAppDelegate.m */; };
		D8B4551616A722D0006FE699 /* Default.png in Resources */ = {isa = PBXBuildFile; fileRef = D8B4551516A722D0006FE699 /* Default.png */; };
		D8B4551816A722D0006FE699 /* Default@2x.png in Resources */ = {isa = PBXBuildFile; fileRef = D8B4551716A722D0006FE699 /* Default@2x.png */; };
		D8B4551A16A722D0006FE699 /* Default-568h@2x.png in Resources */ = {isa = PBXBuildFile; fileRef = D8B4551916A722D0006FE699 /* Default-568h@2x.png */; };
		D8B4552316A722ED006FE699 /* testViewController.m in Sources */ = {isa = PBXBuildFile; fileRef = D8B4552116A722ED006FE699 /* testViewController.m */; };
		D8B4552416A722ED006FE699 /* testViewController.xib in Resources */ = {isa = PBXBuildFile; fileRef = D8B4552216A722ED006FE699 /* testViewController.xib */; };
		D8B4552616A72457006FE699 /* QuartzCore.framework in Frameworks */ = {isa = PBXBuildFile; fileRef = D8B4552516A72457006FE699 /* QuartzCore.framework */; };
		D8B4552D16A7252C006FE699 /* curveView.m in Sources */ = {isa = PBXBuildFile; fileRef = D8B4552C16A7252C006FE699 /* curveView.m */; };
/* End PBXBuildFile section */

/* Begin PBXFileReference section */
		D8B454FF16A722D0006FE699 /* testQuartz.app */ = {isa = PBXFileReference; explicitFileType = wrapper.application; includeInIndex = 0; path = testQuartz.app; sourceTree = BUILT_PRODUCTS_DIR; };
		D8B4550316A722D0006FE699 /* UIKit.framework */ = {isa = PBXFileReference; lastKnownFileType = wrapper.framework; name = UIKit.framework; path = System/Library/Frameworks/UIKit.framework; sourceTree = SDKROOT; };
		D8B4550516A722D0006FE699 /* Foundation.framework */ = {isa = PBXFileReference; lastKnownFileType = wrapper.framework; name = Foundation.framework; path = System/Library/Frameworks/Foundation.framework; sourceTree = SDKROOT; };
		D8B4550716A722D0006FE699 /* CoreGraphics.framework */ = {isa = PBXFileReference; lastKnownFileType = wrapper.framework; name = CoreGraphics.framework; path = System/Library/Frameworks/CoreGraphics.framework; sourceTree = SDKROOT; };
		D8B4550B16A722D0006FE699 /* testQuartz-Info.plist */ = {isa = PBXFileReference; lastKnownFileType = text.plist.xml; path = "testQuartz-Info.plist"; sourceTree = "<group>"; };
		D8B4550D16A722D0006FE699 /* en */ = {isa = PBXFileReference; lastKnownFileType = text.plist.strings; name = en; path = en.lproj/InfoPlist.strings; sourceTree = "<group>"; };
		D8B4550F16A722D0006FE699 /* main.m */ = {isa = PBXFileReference; lastKnownFileType = sourcecode.c.objc; path = main.m; sourceTree = "<group>"; };
		D8B4551116A722D0006FE699 /* testQuartz-Prefix.pch */ = {isa = PBXFileReference; lastKnownFileType = sourcecode.c.h; path = "testQuartz-Prefix.pch"; sourceTree = "<group>"; };
		D8B4551216A722D0006FE699 /* testAppDelegate.h */ = {isa = PBXFileReference; lastKnownFileType = sourcecode.c.h; path = testAppDelegate.h; sourceTree = "<group>"; };
		D8B4551316A722D0006FE699 /* testAppDelegate.m */ = {isa = PBXFileReference; lastKnownFileType = sourcecode.c.objc; path = testAppDelegate.m; sourceTree = "<group>"; };
		D8B4551516A722D0006FE699 /* Default.png */ = {isa = PBXFileReference; lastKnownFileType = image.png; path = Default.png; sourceTree = "<group>"; };
		D8B4551716A722D0006FE699 /* Default@2x.png */ = {isa = PBXFileReference; lastKnownFileType = image.png; path = "Default@2x.png"; sourceTree = "<group>"; };
		D8B4551916A722D0006FE699 /* Default-568h@2x.png */ = {isa = PBXFileReference; lastKnownFileType = image.png; path = "Default-568h@2x.png"; sourceTree = "<group>"; };
		D8B4552016A722ED006FE699 /* testViewController.h */ = {isa = PBXFileReference; fileEncoding = 4; lastKnownFileType = sourcecode.c.h; path = testViewController.h; sourceTree = "<group>"; };
		D8B4552116A722ED006FE699 /* testViewController.m */ = {isa = PBXFileReference; fileEncoding = 4; lastKnownFileType = sourcecode.c.objc; path = testViewController.m; sourceTree = "<group>"; };
		D8B4552216A722ED006FE699 /* testViewController.xib */ = {isa = PBXFileReference; fileEncoding = 4; lastKnownFileType = file.xib; path = testViewController.xib; sourceTree = "<group>"; };
		D8B4552516A72457006FE699 /* QuartzCore.framework */ = {isa = PBXFileReference; lastKnownFileType = wrapper.framework; name = QuartzCore.framework; path = System/Library/Frameworks/QuartzCore.framework; sourceTree = SDKROOT; };
		D8B4552B16A7252C006FE699 /* curveView.h */ = {isa = PBXFileReference; fileEncoding = 4; lastKnownFileType = sourcecode.c.h; path = curveView.h; sourceTree = "<group>"; };
		D8B4552C16A7252C006FE699 /* curveView.m */ = {isa = PBXFileReference; fileEncoding = 4; lastKnownFileType = sourcecode.c.objc; path = curveView.m; sourceTree = "<group>"; };
/* End PBXFileReference section */

/* Begin PBXFrameworksBuildPhase section */
		D8B454FC16A722D0006FE699 /* Frameworks */ = {
			isa = PBXFrameworksBuildPhase;
			buildActionMask = 2147483647;
			files = (
				D8B4552616A72457006FE699 /* QuartzCore.framework in Frameworks */,
				D8B4550416A722D0006FE699 /* UIKit.framework in Frameworks */,
				D8B4550616A722D0006FE699 /* Foundation.framework in Frameworks */,
				D8B4550816A722D0006FE699 /* CoreGraphics.framework in Frameworks */,
			);
			runOnlyForDeploymentPostprocessing = 0;
		};
/* End PBXFrameworksBuildPhase section */

/* Begin PBXGroup section */
		D8B454F416A722CF006FE699 = {
			isa = PBXGroup;
			children = (
				D8B4552516A72457006FE699 /* QuartzCore.framework */,
				D8B4550916A722D0006FE699 /* testQuartz */,
				D8B4550216A722D0006FE699 /* Frameworks */,
				D8B4550016A722D0006FE699 /* Products */,
			);
			sourceTree = "<group>";
		};
		D8B4550016A722D0006FE699 /* Products */ = {
			isa = PBXGroup;
			children = (
				D8B454FF16A722D0006FE699 /* testQuartz.app */,
			);
			name = Products;
			sourceTree = "<group>";
		};
		D8B4550216A722D0006FE699 /* Frameworks */ = {
			isa = PBXGroup;
			children = (
				D8B4550316A722D0006FE699 /* UIKit.framework */,
				D8B4550516A722D0006FE699 /* Foundation.framework */,
				D8B4550716A722D0006FE699 /* CoreGraphics.framework */,
			);
			name = Frameworks;
			sourceTree = "<group>";
		};
		D8B4550916A722D0006FE699 /* testQuartz */ = {
			isa = PBXGroup;
			children = (
				D8B4551216A722D0006FE699 /* testAppDelegate.h */,
				D8B4551316A722D0006FE699 /* testAppDelegate.m */,
				D8B4550A16A722D0006FE699 /* Supporting Files */,
				D8B4552016A722ED006FE699 /* testViewController.h */,
				D8B4552116A722ED006FE699 /* testViewController.m */,
				D8B4552B16A7252C006FE699 /* curveView.h */,
				D8B4552C16A7252C006FE699 /* curveView.m */,
				D8B4552216A722ED006FE699 /* testViewController.xib */,
			);
			path = testQuartz;
			sourceTree = "<group>";
		};
		D8B4550A16A722D0006FE699 /* Supporting Files */ = {
			isa = PBXGroup;
			children = (
				D8B4550B16A722D0006FE699 /* testQuartz-Info.plist */,
				D8B4550C16A722D0006FE699 /* InfoPlist.strings */,
				D8B4550F16A722D0006FE699 /* main.m */,
				D8B4551116A722D0006FE699 /* testQuartz-Prefix.pch */,
				D8B4551516A722D0006FE699 /* Default.png */,
				D8B4551716A722D0006FE699 /* Default@2x.png */,
				D8B4551916A722D0006FE699 /* Default-568h@2x.png */,
			);
			name = "Supporting Files";
			sourceTree = "<group>";
		};
/* End PBXGroup section */

/* Begin PBXNativeTarget section */
		D8B454FE16A722D0006FE699 /* testQuartz */ = {
			isa = PBXNativeTarget;
			buildConfigurationList = D8B4551D16A722D0006FE699 /* Build configuration list for PBXNativeTarget "testQuartz" */;
			buildPhases = (
				D8B454FB16A722D0006FE699 /* Sources */,
				D8B454FC16A722D0006FE699 /* Frameworks */,
				D8B454FD16A722D0006FE699 /* Resources */,
			);
			buildRules = (
			);
			dependencies = (
			);
			name = testQuartz;
			productName = testQuartz;
			productReference = D8B454FF16A722D0006FE699 /* testQuartz.app */;
			productType = "com.apple.product-type.application";
		};
/* End PBXNativeTarget section */

/* Begin PBXProject section */
		D8B454F616A722CF006FE699 /* Project object */ = {
			isa = PBXProject;
			attributes = {
				CLASSPREFIX = test;
				LastUpgradeCheck = 0450;
				ORGANIZATIONNAME = "Joe Baldwin";
			};
			buildConfigurationList = D8B454F916A722CF006FE699 /* Build configuration list for PBXProject "testQuartz" */;
			compatibilityVersion = "Xcode 3.2";
			developmentRegion = English;
			hasScannedForEncodings = 0;
			knownRegions = (
				en,
			);
			mainGroup = D8B454F416A722CF006FE699;
			productRefGroup = D8B4550016A722D0006FE699 /* Products */;
			projectDirPath = "";
			projectRoot = "";
			targets = (
				D8B454FE16A722D0006FE699 /* testQuartz */,
			);
		};
/* End PBXProject section */

/* Begin PBXResourcesBuildPhase section */
		D8B454FD16A722D0006FE699 /* Resources */ = {
			isa = PBXResourcesBuildPhase;
			buildActionMask = 2147483647;
			files = (
				D8B4550E16A722D0006FE699 /* InfoPlist.strings in Resources */,
				D8B4551616A722D0006FE699 /* Default.png in Resources */,
				D8B4551816A722D0006FE699 /* Default@2x.png in Resources */,
				D8B4551A16A722D0006FE699 /* Default-568h@2x.png in Resources */,
				D8B4552416A722ED006FE699 /* testViewController.xib in Resources */,
			);
			runOnlyForDeploymentPostprocessing = 0;
		};
/* End PBXResourcesBuildPhase section */

/* Begin PBXSourcesBuildPhase section */
		D8B454FB16A722D0006FE699 /* Sources */ = {
			isa = PBXSourcesBuildPhase;
			buildActionMask = 2147483647;
			files = (
				D8B4551016A722D0006FE699 /* main.m in Sources */,
				D8B4551416A722D0006FE699 /* testAppDelegate.m in Sources */,
				D8B4552316A722ED006FE699 /* testViewController.m in Sources */,
				D8B4552D16A7252C006FE699 /* curveView.m in Sources */,
			);
			runOnlyForDeploymentPostprocessing = 0;
		};
/* End PBXSourcesBuildPhase section */

/* Begin PBXVariantGroup section */
		D8B4550C16A722D0006FE699 /* InfoPlist.strings */ = {
			isa = PBXVariantGroup;
			children = (
				D8B4550D16A722D0006FE699 /* en */,
			);
			name = InfoPlist.strings;
			sourceTree = "<group>";
		};
/* End PBXVariantGroup section */

/* Begin XCBuildConfiguration section */
		D8B4551B16A722D0006FE699 /* Debug */ = {
			isa = XCBuildConfiguration;
			buildSettings = {
				ALWAYS_SEARCH_USER_PATHS = NO;
				CLANG_CXX_LANGUAGE_STANDARD = "gnu++0x";
				CLANG_CXX_LIBRARY = "libc++";
				CLANG_ENABLE_OBJC_ARC = YES;
				CLANG_WARN_EMPTY_BODY = YES;
				CLANG_WARN__DUPLICATE_METHOD_MATCH = YES;
				"CODE_SIGN_IDENTITY[sdk=iphoneos*]" = "iPhone Developer";
				COPY_PHASE_STRIP = NO;
				GCC_C_LANGUAGE_STANDARD = gnu99;
				GCC_DYNAMIC_NO_PIC = NO;
				GCC_OPTIMIZATION_LEVEL = 0;
				GCC_PREPROCESSOR_DEFINITIONS = (
					"DEBUG=1",
					"$(inherited)",
				);
				GCC_SYMBOLS_PRIVATE_EXTERN = NO;
				GCC_WARN_ABOUT_RETURN_TYPE = YES;
				GCC_WARN_UNINITIALIZED_AUTOS = YES;
				GCC_WARN_UNUSED_VARIABLE = YES;
				IPHONEOS_DEPLOYMENT_TARGET = 6.0;
				ONLY_ACTIVE_ARCH = YES;
				SDKROOT = iphoneos;
			};
			name = Debug;
		};
		D8B4551C16A722D0006FE699 /* Release */ = {
			isa = XCBuildConfiguration;
			buildSettings = {
				ALWAYS_SEARCH_USER_PATHS = NO;
				CLANG_CXX_LANGUAGE_STANDARD = "gnu++0x";
				CLANG_CXX_LIBRARY = "libc++";
				CLANG_ENABLE_OBJC_ARC = YES;
				CLANG_WARN_EMPTY_BODY = YES;
				CLANG_WARN__DUPLICATE_METHOD_MATCH = YES;
				"CODE_SIGN_IDENTITY[sdk=iphoneos*]" = "iPhone Developer";
				COPY_PHASE_STRIP = YES;
				GCC_C_LANGUAGE_STANDARD = gnu99;
				GCC_WARN_ABOUT_RETURN_TYPE = YES;
				GCC_WARN_UNINITIALIZED_AUTOS = YES;
				GCC_WARN_UNUSED_VARIABLE = YES;
				IPHONEOS_DEPLOYMENT_TARGET = 6.0;
				OTHER_CFLAGS = "-DNS_BLOCK_ASSERTIONS=1";
				SDKROOT = iphoneos;
				VALIDATE_PRODUCT = YES;
			};
			name = Release;
		};
		D8B4551E16A722D0006FE699 /* Debug */ = {
			isa = XCBuildConfiguration;
			buildSettings = {
				GCC_PRECOMPILE_PREFIX_HEADER = YES;
				GCC_PREFIX_HEADER = "testQuartz/testQuartz-Prefix.pch";
				INFOPLIST_FILE = "testQuartz/testQuartz-Info.plist";
				PRODUCT_NAME = "$(TARGET_NAME)";
				WRAPPER_EXTENSION = app;
			};
			name = Debug;
		};
		D8B4551F16A722D0006FE699 /* Release */ = {
			isa = XCBuildConfiguration;
			buildSettings = {
				GCC_PRECOMPILE_PREFIX_HEADER = YES;
				GCC_PREFIX_HEADER = "testQuartz/testQuartz-Prefix.pch";
				INFOPLIST_FILE = "testQuartz/testQuartz-Info.plist";
				PRODUCT_NAME = "$(TARGET_NAME)";
				WRAPPER_EXTENSION = app;
			};
			name = Release;
		};
/* End XCBuildConfiguration section */

/* Begin XCConfigurationList section */
		D8B454F916A722CF006FE699 /* Build configuration list for PBXProject "testQuartz" */ = {
			isa = XCConfigurationList;
			buildConfigurations = (
				D8B4551B16A722D0006FE699 /* Debug */,
				D8B4551C16A722D0006FE699 /* Release */,
			);
			defaultConfigurationIsVisible = 0;
			defaultConfigurationName = Release;
		};
		D8B4551D16A722D0006FE699 /* Build configuration list for PBXNativeTarget "testQuartz" */ = {
			isa = XCConfigurationList;
			buildConfigurations = (
				D8B4551E16A722D0006FE699 /* Debug */,
				D8B4551F16A722D0006FE699 /* Release */,
			);
			defaultConfigurationIsVisible = 0;
		};
/* End XCConfigurationList section */
	};
	rootObject = D8B454F616A722CF006FE699 /* Project object */;
}
