// !$*UTF8*$!
{
	archiveVersion = 1;
	classes = {
	};
	objectVersion = 46;
	objects = {

/* Begin PBXBuildFile section */
		973FFCC917211CF000DCA5CE /* UIKit.framework in Frameworks */ = {isa = PBXBuildFile; fileRef = 973FFCC817211CF000DCA5CE /* UIKit.framework */; };
		973FFCCB17211CF000DCA5CE /* Foundation.framework in Frameworks */ = {isa = PBXBuildFile; fileRef = 973FFCCA17211CF000DCA5CE /* Foundation.framework */; };
		973FFCCD17211CF000DCA5CE /* CoreGraphics.framework in Frameworks */ = {isa = PBXBuildFile; fileRef = 973FFCCC17211CF000DCA5CE /* CoreGraphics.framework */; };
		973FFCD317211CF000DCA5CE /* InfoPlist.strings in Resources */ = {isa = PBXBuildFile; fileRef = 973FFCD117211CF000DCA5CE /* InfoPlist.strings */; };
		973FFCD517211CF000DCA5CE /* main.m in Sources */ = {isa = PBXBuildFile; fileRef = 973FFCD417211CF000DCA5CE /* main.m */; };
		973FFCD917211CF000DCA5CE /* NoRotateAppDelegate.m in Sources */ = {isa = PBXBuildFile; fileRef = 973FFCD817211CF000DCA5CE /* NoRotateAppDelegate.m */; };
		973FFCDB17211CF000DCA5CE /* Default.png in Resources */ = {isa = PBXBuildFile; fileRef = 973FFCDA17211CF000DCA5CE /* Default.png */; };
		973FFCDD17211CF000DCA5CE /* Default@2x.png in Resources */ = {isa = PBXBuildFile; fileRef = 973FFCDC17211CF000DCA5CE /* Default@2x.png */; };
		973FFCDF17211CF000DCA5CE /* Default-568h@2x.png in Resources */ = {isa = PBXBuildFile; fileRef = 973FFCDE17211CF000DCA5CE /* Default-568h@2x.png */; };
		973FFCE817211D1700DCA5CE /* OkToRotateViewController.m in Sources */ = {isa = PBXBuildFile; fileRef = 973FFCE617211D1700DCA5CE /* OkToRotateViewController.m */; };
		973FFCE917211D1700DCA5CE /* OkToRotateViewController.xib in Resources */ = {isa = PBXBuildFile; fileRef = 973FFCE717211D1700DCA5CE /* OkToRotateViewController.xib */; };
		973FFCED17211D2A00DCA5CE /* NoRotateViewController.m in Sources */ = {isa = PBXBuildFile; fileRef = 973FFCEB17211D2A00DCA5CE /* NoRotateViewController.m */; };
		973FFCEE17211D2A00DCA5CE /* NoRotateViewController.xib in Resources */ = {isa = PBXBuildFile; fileRef = 973FFCEC17211D2A00DCA5CE /* NoRotateViewController.xib */; };
/* End PBXBuildFile section */

/* Begin PBXFileReference section */
		973FFCC517211CF000DCA5CE /* TestNoRotate.app */ = {isa = PBXFileReference; explicitFileType = wrapper.application; includeInIndex = 0; path = TestNoRotate.app; sourceTree = BUILT_PRODUCTS_DIR; };
		973FFCC817211CF000DCA5CE /* UIKit.framework */ = {isa = PBXFileReference; lastKnownFileType = wrapper.framework; name = UIKit.framework; path = System/Library/Frameworks/UIKit.framework; sourceTree = SDKROOT; };
		973FFCCA17211CF000DCA5CE /* Foundation.framework */ = {isa = PBXFileReference; lastKnownFileType = wrapper.framework; name = Foundation.framework; path = System/Library/Frameworks/Foundation.framework; sourceTree = SDKROOT; };
		973FFCCC17211CF000DCA5CE /* CoreGraphics.framework */ = {isa = PBXFileReference; lastKnownFileType = wrapper.framework; name = CoreGraphics.framework; path = System/Library/Frameworks/CoreGraphics.framework; sourceTree = SDKROOT; };
		973FFCD017211CF000DCA5CE /* TestNoRotate-Info.plist */ = {isa = PBXFileReference; lastKnownFileType = text.plist.xml; path = "TestNoRotate-Info.plist"; sourceTree = "<group>"; };
		973FFCD217211CF000DCA5CE /* en */ = {isa = PBXFileReference; lastKnownFileType = text.plist.strings; name = en; path = en.lproj/InfoPlist.strings; sourceTree = "<group>"; };
		973FFCD417211CF000DCA5CE /* main.m */ = {isa = PBXFileReference; lastKnownFileType = sourcecode.c.objc; path = main.m; sourceTree = "<group>"; };
		973FFCD617211CF000DCA5CE /* TestNoRotate-Prefix.pch */ = {isa = PBXFileReference; lastKnownFileType = sourcecode.c.h; path = "TestNoRotate-Prefix.pch"; sourceTree = "<group>"; };
		973FFCD717211CF000DCA5CE /* NoRotateAppDelegate.h */ = {isa = PBXFileReference; lastKnownFileType = sourcecode.c.h; path = NoRotateAppDelegate.h; sourceTree = "<group>"; };
		973FFCD817211CF000DCA5CE /* NoRotateAppDelegate.m */ = {isa = PBXFileReference; lastKnownFileType = sourcecode.c.objc; path = NoRotateAppDelegate.m; sourceTree = "<group>"; };
		973FFCDA17211CF000DCA5CE /* Default.png */ = {isa = PBXFileReference; lastKnownFileType = image.png; path = Default.png; sourceTree = "<group>"; };
		973FFCDC17211CF000DCA5CE /* Default@2x.png */ = {isa = PBXFileReference; lastKnownFileType = image.png; path = "Default@2x.png"; sourceTree = "<group>"; };
		973FFCDE17211CF000DCA5CE /* Default-568h@2x.png */ = {isa = PBXFileReference; lastKnownFileType = image.png; path = "Default-568h@2x.png"; sourceTree = "<group>"; };
		973FFCE517211D1700DCA5CE /* OkToRotateViewController.h */ = {isa = PBXFileReference; fileEncoding = 4; lastKnownFileType = sourcecode.c.h; path = OkToRotateViewController.h; sourceTree = "<group>"; };
		973FFCE617211D1700DCA5CE /* OkToRotateViewController.m */ = {isa = PBXFileReference; fileEncoding = 4; lastKnownFileType = sourcecode.c.objc; path = OkToRotateViewController.m; sourceTree = "<group>"; };
		973FFCE717211D1700DCA5CE /* OkToRotateViewController.xib */ = {isa = PBXFileReference; fileEncoding = 4; lastKnownFileType = file.xib; path = OkToRotateViewController.xib; sourceTree = "<group>"; };
		973FFCEA17211D2A00DCA5CE /* NoRotateViewController.h */ = {isa = PBXFileReference; fileEncoding = 4; lastKnownFileType = sourcecode.c.h; path = NoRotateViewController.h; sourceTree = "<group>"; };
		973FFCEB17211D2A00DCA5CE /* NoRotateViewController.m */ = {isa = PBXFileReference; fileEncoding = 4; lastKnownFileType = sourcecode.c.objc; path = NoRotateViewController.m; sourceTree = "<group>"; };
		973FFCEC17211D2A00DCA5CE /* NoRotateViewController.xib */ = {isa = PBXFileReference; fileEncoding = 4; lastKnownFileType = file.xib; path = NoRotateViewController.xib; sourceTree = "<group>"; };
/* End PBXFileReference section */

/* Begin PBXFrameworksBuildPhase section */
		973FFCC217211CF000DCA5CE /* Frameworks */ = {
			isa = PBXFrameworksBuildPhase;
			buildActionMask = 2147483647;
			files = (
				973FFCC917211CF000DCA5CE /* UIKit.framework in Frameworks */,
				973FFCCB17211CF000DCA5CE /* Foundation.framework in Frameworks */,
				973FFCCD17211CF000DCA5CE /* CoreGraphics.framework in Frameworks */,
			);
			runOnlyForDeploymentPostprocessing = 0;
		};
/* End PBXFrameworksBuildPhase section */

/* Begin PBXGroup section */
		973FFCBC17211CF000DCA5CE = {
			isa = PBXGroup;
			children = (
				973FFCE517211D1700DCA5CE /* OkToRotateViewController.h */,
				973FFCE617211D1700DCA5CE /* OkToRotateViewController.m */,
				973FFCE717211D1700DCA5CE /* OkToRotateViewController.xib */,
				973FFCEA17211D2A00DCA5CE /* NoRotateViewController.h */,
				973FFCEB17211D2A00DCA5CE /* NoRotateViewController.m */,
				973FFCEC17211D2A00DCA5CE /* NoRotateViewController.xib */,
				973FFCCE17211CF000DCA5CE /* TestNoRotate */,
				973FFCC717211CF000DCA5CE /* Frameworks */,
				973FFCC617211CF000DCA5CE /* Products */,
			);
			sourceTree = "<group>";
		};
		973FFCC617211CF000DCA5CE /* Products */ = {
			isa = PBXGroup;
			children = (
				973FFCC517211CF000DCA5CE /* TestNoRotate.app */,
			);
			name = Products;
			sourceTree = "<group>";
		};
		973FFCC717211CF000DCA5CE /* Frameworks */ = {
			isa = PBXGroup;
			children = (
				973FFCC817211CF000DCA5CE /* UIKit.framework */,
				973FFCCA17211CF000DCA5CE /* Foundation.framework */,
				973FFCCC17211CF000DCA5CE /* CoreGraphics.framework */,
			);
			name = Frameworks;
			sourceTree = "<group>";
		};
		973FFCCE17211CF000DCA5CE /* TestNoRotate */ = {
			isa = PBXGroup;
			children = (
				973FFCD717211CF000DCA5CE /* NoRotateAppDelegate.h */,
				973FFCD817211CF000DCA5CE /* NoRotateAppDelegate.m */,
				973FFCCF17211CF000DCA5CE /* Supporting Files */,
			);
			path = TestNoRotate;
			sourceTree = "<group>";
		};
		973FFCCF17211CF000DCA5CE /* Supporting Files */ = {
			isa = PBXGroup;
			children = (
				973FFCD017211CF000DCA5CE /* TestNoRotate-Info.plist */,
				973FFCD117211CF000DCA5CE /* InfoPlist.strings */,
				973FFCD417211CF000DCA5CE /* main.m */,
				973FFCD617211CF000DCA5CE /* TestNoRotate-Prefix.pch */,
				973FFCDA17211CF000DCA5CE /* Default.png */,
				973FFCDC17211CF000DCA5CE /* Default@2x.png */,
				973FFCDE17211CF000DCA5CE /* Default-568h@2x.png */,
			);
			name = "Supporting Files";
			sourceTree = "<group>";
		};
/* End PBXGroup section */

/* Begin PBXNativeTarget section */
		973FFCC417211CF000DCA5CE /* TestNoRotate */ = {
			isa = PBXNativeTarget;
			buildConfigurationList = 973FFCE217211CF000DCA5CE /* Build configuration list for PBXNativeTarget "TestNoRotate" */;
			buildPhases = (
				973FFCC117211CF000DCA5CE /* Sources */,
				973FFCC217211CF000DCA5CE /* Frameworks */,
				973FFCC317211CF000DCA5CE /* Resources */,
			);
			buildRules = (
			);
			dependencies = (
			);
			name = TestNoRotate;
			productName = TestNoRotate;
			productReference = 973FFCC517211CF000DCA5CE /* TestNoRotate.app */;
			productType = "com.apple.product-type.application";
		};
/* End PBXNativeTarget section */

/* Begin PBXProject section */
		973FFCBD17211CF000DCA5CE /* Project object */ = {
			isa = PBXProject;
			attributes = {
				CLASSPREFIX = NoRotate;
				LastUpgradeCheck = 0460;
				ORGANIZATIONNAME = "Humboldt Technology Group, LLC";
			};
			buildConfigurationList = 973FFCC017211CF000DCA5CE /* Build configuration list for PBXProject "TestNoRotate" */;
			compatibilityVersion = "Xcode 3.2";
			developmentRegion = English;
			hasScannedForEncodings = 0;
			knownRegions = (
				en,
			);
			mainGroup = 973FFCBC17211CF000DCA5CE;
			productRefGroup = 973FFCC617211CF000DCA5CE /* Products */;
			projectDirPath = "";
			projectRoot = "";
			targets = (
				973FFCC417211CF000DCA5CE /* TestNoRotate */,
			);
		};
/* End PBXProject section */

/* Begin PBXResourcesBuildPhase section */
		973FFCC317211CF000DCA5CE /* Resources */ = {
			isa = PBXResourcesBuildPhase;
			buildActionMask = 2147483647;
			files = (
				973FFCD317211CF000DCA5CE /* InfoPlist.strings in Resources */,
				973FFCDB17211CF000DCA5CE /* Default.png in Resources */,
				973FFCDD17211CF000DCA5CE /* Default@2x.png in Resources */,
				973FFCDF17211CF000DCA5CE /* Default-568h@2x.png in Resources */,
				973FFCE917211D1700DCA5CE /* OkToRotateViewController.xib in Resources */,
				973FFCEE17211D2A00DCA5CE /* NoRotateViewController.xib in Resources */,
			);
			runOnlyForDeploymentPostprocessing = 0;
		};
/* End PBXResourcesBuildPhase section */

/* Begin PBXSourcesBuildPhase section */
		973FFCC117211CF000DCA5CE /* Sources */ = {
			isa = PBXSourcesBuildPhase;
			buildActionMask = 2147483647;
			files = (
				973FFCD517211CF000DCA5CE /* main.m in Sources */,
				973FFCD917211CF000DCA5CE /* NoRotateAppDelegate.m in Sources */,
				973FFCE817211D1700DCA5CE /* OkToRotateViewController.m in Sources */,
				973FFCED17211D2A00DCA5CE /* NoRotateViewController.m in Sources */,
			);
			runOnlyForDeploymentPostprocessing = 0;
		};
/* End PBXSourcesBuildPhase section */

/* Begin PBXVariantGroup section */
		973FFCD117211CF000DCA5CE /* InfoPlist.strings */ = {
			isa = PBXVariantGroup;
			children = (
				973FFCD217211CF000DCA5CE /* en */,
			);
			name = InfoPlist.strings;
			sourceTree = "<group>";
		};
/* End PBXVariantGroup section */

/* Begin XCBuildConfiguration section */
		973FFCE017211CF000DCA5CE /* Debug */ = {
			isa = XCBuildConfiguration;
			buildSettings = {
				ALWAYS_SEARCH_USER_PATHS = NO;
				CLANG_CXX_LANGUAGE_STANDARD = "gnu++0x";
				CLANG_CXX_LIBRARY = "libc++";
				CLANG_ENABLE_OBJC_ARC = YES;
				CLANG_WARN_CONSTANT_CONVERSION = YES;
				CLANG_WARN_EMPTY_BODY = YES;
				CLANG_WARN_ENUM_CONVERSION = YES;
				CLANG_WARN_INT_CONVERSION = YES;
				CLANG_WARN__DUPLICATE_METHOD_MATCH = YES;
				"CODE_SIGN_IDENTITY[sdk=iphoneos*]" = "iPhone Developer";
				COPY_PHASE_STRIP = NO;
				GCC_C_LANGUAGE_STANDARD = gnu99;
				GCC_DYNAMIC_NO_PIC = NO;
				GCC_OPTIMIZATION_LEVEL = 0;
				GCC_PREPROCESSOR_DEFINITIONS = (
					"DEBUG=1",
					"$(inherited)",
				);
				GCC_SYMBOLS_PRIVATE_EXTERN = NO;
				GCC_WARN_ABOUT_RETURN_TYPE = YES;
				GCC_WARN_UNINITIALIZED_AUTOS = YES;
				GCC_WARN_UNUSED_VARIABLE = YES;
				IPHONEOS_DEPLOYMENT_TARGET = 6.1;
				ONLY_ACTIVE_ARCH = YES;
				SDKROOT = iphoneos;
				TARGETED_DEVICE_FAMILY = 2;
			};
			name = Debug;
		};
		973FFCE117211CF000DCA5CE /* Release */ = {
			isa = XCBuildConfiguration;
			buildSettings = {
				ALWAYS_SEARCH_USER_PATHS = NO;
				CLANG_CXX_LANGUAGE_STANDARD = "gnu++0x";
				CLANG_CXX_LIBRARY = "libc++";
				CLANG_ENABLE_OBJC_ARC = YES;
				CLANG_WARN_CONSTANT_CONVERSION = YES;
				CLANG_WARN_EMPTY_BODY = YES;
				CLANG_WARN_ENUM_CONVERSION = YES;
				CLANG_WARN_INT_CONVERSION = YES;
				CLANG_WARN__DUPLICATE_METHOD_MATCH = YES;
				"CODE_SIGN_IDENTITY[sdk=iphoneos*]" = "iPhone Developer";
				COPY_PHASE_STRIP = YES;
				GCC_C_LANGUAGE_STANDARD = gnu99;
				GCC_WARN_ABOUT_RETURN_TYPE = YES;
				GCC_WARN_UNINITIALIZED_AUTOS = YES;
				GCC_WARN_UNUSED_VARIABLE = YES;
				IPHONEOS_DEPLOYMENT_TARGET = 6.1;
				OTHER_CFLAGS = "-DNS_BLOCK_ASSERTIONS=1";
				SDKROOT = iphoneos;
				TARGETED_DEVICE_FAMILY = 2;
				VALIDATE_PRODUCT = YES;
			};
			name = Release;
		};
		973FFCE317211CF000DCA5CE /* Debug */ = {
			isa = XCBuildConfiguration;
			buildSettings = {
				GCC_PRECOMPILE_PREFIX_HEADER = YES;
				GCC_PREFIX_HEADER = "TestNoRotate/TestNoRotate-Prefix.pch";
				INFOPLIST_FILE = "TestNoRotate/TestNoRotate-Info.plist";
				PRODUCT_NAME = "$(TARGET_NAME)";
				WRAPPER_EXTENSION = app;
			};
			name = Debug;
		};
		973FFCE417211CF000DCA5CE /* Release */ = {
			isa = XCBuildConfiguration;
			buildSettings = {
				GCC_PRECOMPILE_PREFIX_HEADER = YES;
				GCC_PREFIX_HEADER = "TestNoRotate/TestNoRotate-Prefix.pch";
				INFOPLIST_FILE = "TestNoRotate/TestNoRotate-Info.plist";
				PRODUCT_NAME = "$(TARGET_NAME)";
				WRAPPER_EXTENSION = app;
			};
			name = Release;
		};
/* End XCBuildConfiguration section */

/* Begin XCConfigurationList section */
		973FFCC017211CF000DCA5CE /* Build configuration list for PBXProject "TestNoRotate" */ = {
			isa = XCConfigurationList;
			buildConfigurations = (
				973FFCE017211CF000DCA5CE /* Debug */,
				973FFCE117211CF000DCA5CE /* Release */,
			);
			defaultConfigurationIsVisible = 0;
			defaultConfigurationName = Release;
		};
		973FFCE217211CF000DCA5CE /* Build configuration list for PBXNativeTarget "TestNoRotate" */ = {
			isa = XCConfigurationList;
			buildConfigurations = (
				973FFCE317211CF000DCA5CE /* Debug */,
				973FFCE417211CF000DCA5CE /* Release */,
			);
			defaultConfigurationIsVisible = 0;
		};
/* End XCConfigurationList section */
	};
	rootObject = 973FFCBD17211CF000DCA5CE /* Project object */;
}
