// !$*UTF8*$!
{
	archiveVersion = 1;
	classes = {
	};
	objectVersion = 46;
	objects = {

/* Begin PBXBuildFile section */
		D8A262F81455F4570009B5FB /* Screen shot 2011-10-24 at 2.28.34 PM.png in Resources */ = {isa = PBXBuildFile; fileRef = D8A262F71455F4570009B5FB /* Screen shot 2011-10-24 at 2.28.34 PM.png */; };
		D8A262FC14564E200009B5FB /* circle_blur.png in Resources */ = {isa = PBXBuildFile; fileRef = D8A262FB14564E1F0009B5FB /* circle_blur.png */; };
		D8A2630014564F550009B5FB /* circle_sharp.png in Resources */ = {isa = PBXBuildFile; fileRef = D8A262FF14564F550009B5FB /* circle_sharp.png */; };
		D8CA93C513A9B15E001CB2A8 /* UIKit.framework in Frameworks */ = {isa = PBXBuildFile; fileRef = D8CA93C413A9B15E001CB2A8 /* UIKit.framework */; };
		D8CA93C713A9B15E001CB2A8 /* Foundation.framework in Frameworks */ = {isa = PBXBuildFile; fileRef = D8CA93C613A9B15E001CB2A8 /* Foundation.framework */; };
		D8CA93C913A9B15E001CB2A8 /* CoreGraphics.framework in Frameworks */ = {isa = PBXBuildFile; fileRef = D8CA93C813A9B15E001CB2A8 /* CoreGraphics.framework */; };
		D8CA93CB13A9B15E001CB2A8 /* QuartzCore.framework in Frameworks */ = {isa = PBXBuildFile; fileRef = D8CA93CA13A9B15E001CB2A8 /* QuartzCore.framework */; };
		D8CA93CD13A9B15E001CB2A8 /* OpenGLES.framework in Frameworks */ = {isa = PBXBuildFile; fileRef = D8CA93CC13A9B15E001CB2A8 /* OpenGLES.framework */; };
		D8CA93D313A9B15E001CB2A8 /* InfoPlist.strings in Resources */ = {isa = PBXBuildFile; fileRef = D8CA93D113A9B15E001CB2A8 /* InfoPlist.strings */; };
		D8CA93D613A9B15E001CB2A8 /* main.m in Sources */ = {isa = PBXBuildFile; fileRef = D8CA93D513A9B15E001CB2A8 /* main.m */; };
		D8CA93D813A9B15E001CB2A8 /* ConstantsAndMacros.h in Resources */ = {isa = PBXBuildFile; fileRef = D8CA93D713A9B15E001CB2A8 /* ConstantsAndMacros.h */; };
		D8CA93DA13A9B15E001CB2A8 /* GLView.h in Resources */ = {isa = PBXBuildFile; fileRef = D8CA93D913A9B15E001CB2A8 /* GLView.h */; };
		D8CA93DC13A9B15E001CB2A8 /* GLView.m in Sources */ = {isa = PBXBuildFile; fileRef = D8CA93DB13A9B15E001CB2A8 /* GLView.m */; };
		D8CA93DE13A9B15E001CB2A8 /* GLViewController.h in Resources */ = {isa = PBXBuildFile; fileRef = D8CA93DD13A9B15E001CB2A8 /* GLViewController.h */; };
		D8CA93E013A9B15E001CB2A8 /* GLViewController.m in Sources */ = {isa = PBXBuildFile; fileRef = D8CA93DF13A9B15E001CB2A8 /* GLViewController.m */; };
		D8CA93E213A9B15E001CB2A8 /* OpenGLTexture3D.h in Resources */ = {isa = PBXBuildFile; fileRef = D8CA93E113A9B15E001CB2A8 /* OpenGLTexture3D.h */; };
		D8CA93E413A9B15E001CB2A8 /* OpenGLTexture3D.m in Sources */ = {isa = PBXBuildFile; fileRef = D8CA93E313A9B15E001CB2A8 /* OpenGLTexture3D.m */; };
		D8CA93E613A9B15E001CB2A8 /* OpenGLCommon.h in Resources */ = {isa = PBXBuildFile; fileRef = D8CA93E513A9B15E001CB2A8 /* OpenGLCommon.h */; };
		D8CA93E813A9B15E001CB2A8 /* Test3AppDelegate.h in Resources */ = {isa = PBXBuildFile; fileRef = D8CA93E713A9B15E001CB2A8 /* Test3AppDelegate.h */; };
		D8CA93EA13A9B15E001CB2A8 /* Test3AppDelegate.m in Sources */ = {isa = PBXBuildFile; fileRef = D8CA93E913A9B15E001CB2A8 /* Test3AppDelegate.m */; };
		D8CA93EC13A9B15E001CB2A8 /* MainWindow.xib in Resources */ = {isa = PBXBuildFile; fileRef = D8CA93EB13A9B15E001CB2A8 /* MainWindow.xib */; };
/* End PBXBuildFile section */

/* Begin PBXFileReference section */
		D8A262F71455F4570009B5FB /* Screen shot 2011-10-24 at 2.28.34 PM.png */ = {isa = PBXFileReference; lastKnownFileType = image.png; path = "Screen shot 2011-10-24 at 2.28.34 PM.png"; sourceTree = "<group>"; };
		D8A262FB14564E1F0009B5FB /* circle_blur.png */ = {isa = PBXFileReference; lastKnownFileType = image.png; path = circle_blur.png; sourceTree = "<group>"; };
		D8A262FF14564F550009B5FB /* circle_sharp.png */ = {isa = PBXFileReference; lastKnownFileType = image.png; path = circle_sharp.png; sourceTree = "<group>"; };
		D8CA93C013A9B15E001CB2A8 /* circles.app */ = {isa = PBXFileReference; explicitFileType = wrapper.application; includeInIndex = 0; path = circles.app; sourceTree = BUILT_PRODUCTS_DIR; };
		D8CA93C413A9B15E001CB2A8 /* UIKit.framework */ = {isa = PBXFileReference; lastKnownFileType = wrapper.framework; name = UIKit.framework; path = System/Library/Frameworks/UIKit.framework; sourceTree = SDKROOT; };
		D8CA93C613A9B15E001CB2A8 /* Foundation.framework */ = {isa = PBXFileReference; lastKnownFileType = wrapper.framework; name = Foundation.framework; path = System/Library/Frameworks/Foundation.framework; sourceTree = SDKROOT; };
		D8CA93C813A9B15E001CB2A8 /* CoreGraphics.framework */ = {isa = PBXFileReference; lastKnownFileType = wrapper.framework; name = CoreGraphics.framework; path = System/Library/Frameworks/CoreGraphics.framework; sourceTree = SDKROOT; };
		D8CA93CA13A9B15E001CB2A8 /* QuartzCore.framework */ = {isa = PBXFileReference; lastKnownFileType = wrapper.framework; name = QuartzCore.framework; path = System/Library/Frameworks/QuartzCore.framework; sourceTree = SDKROOT; };
		D8CA93CC13A9B15E001CB2A8 /* OpenGLES.framework */ = {isa = PBXFileReference; lastKnownFileType = wrapper.framework; name = OpenGLES.framework; path = System/Library/Frameworks/OpenGLES.framework; sourceTree = SDKROOT; };
		D8CA93D013A9B15E001CB2A8 /* Circles-Info.plist */ = {isa = PBXFileReference; lastKnownFileType = text.plist.xml; path = "Circles-Info.plist"; sourceTree = "<group>"; };
		D8CA93D213A9B15E001CB2A8 /* en */ = {isa = PBXFileReference; lastKnownFileType = text.plist.strings; name = en; path = en.lproj/InfoPlist.strings; sourceTree = "<group>"; };
		D8CA93D413A9B15E001CB2A8 /* Circles-Prefix.pch */ = {isa = PBXFileReference; lastKnownFileType = sourcecode.c.h; path = "Circles-Prefix.pch"; sourceTree = "<group>"; };
		D8CA93D513A9B15E001CB2A8 /* main.m */ = {isa = PBXFileReference; lastKnownFileType = sourcecode.c.objc; path = main.m; sourceTree = "<group>"; };
		D8CA93D713A9B15E001CB2A8 /* ConstantsAndMacros.h */ = {isa = PBXFileReference; lastKnownFileType = sourcecode.c.h; name = ConstantsAndMacros.h; path = Classes/ConstantsAndMacros.h; sourceTree = "<group>"; };
		D8CA93D913A9B15E001CB2A8 /* GLView.h */ = {isa = PBXFileReference; lastKnownFileType = sourcecode.c.h; name = GLView.h; path = Classes/GLView.h; sourceTree = "<group>"; };
		D8CA93DB13A9B15E001CB2A8 /* GLView.m */ = {isa = PBXFileReference; lastKnownFileType = sourcecode.c.objc; name = GLView.m; path = Classes/GLView.m; sourceTree = "<group>"; };
		D8CA93DD13A9B15E001CB2A8 /* GLViewController.h */ = {isa = PBXFileReference; lastKnownFileType = sourcecode.c.h; name = GLViewController.h; path = Classes/GLViewController.h; sourceTree = "<group>"; };
		D8CA93DF13A9B15E001CB2A8 /* GLViewController.m */ = {isa = PBXFileReference; lastKnownFileType = sourcecode.c.objc; name = GLViewController.m; path = Classes/GLViewController.m; sourceTree = "<group>"; };
		D8CA93E113A9B15E001CB2A8 /* OpenGLTexture3D.h */ = {isa = PBXFileReference; lastKnownFileType = sourcecode.c.h; name = OpenGLTexture3D.h; path = Classes/OpenGLTexture3D.h; sourceTree = "<group>"; };
		D8CA93E313A9B15E001CB2A8 /* OpenGLTexture3D.m */ = {isa = PBXFileReference; lastKnownFileType = sourcecode.c.objc; name = OpenGLTexture3D.m; path = Classes/OpenGLTexture3D.m; sourceTree = "<group>"; };
		D8CA93E513A9B15E001CB2A8 /* OpenGLCommon.h */ = {isa = PBXFileReference; lastKnownFileType = sourcecode.c.h; name = OpenGLCommon.h; path = Classes/OpenGLCommon.h; sourceTree = "<group>"; };
		D8CA93E713A9B15E001CB2A8 /* Test3AppDelegate.h */ = {isa = PBXFileReference; lastKnownFileType = sourcecode.c.h; name = Test3AppDelegate.h; path = Classes/Test3AppDelegate.h; sourceTree = "<group>"; };
		D8CA93E913A9B15E001CB2A8 /* Test3AppDelegate.m */ = {isa = PBXFileReference; lastKnownFileType = sourcecode.c.objc; name = Test3AppDelegate.m; path = Classes/Test3AppDelegate.m; sourceTree = "<group>"; };
		D8CA93EB13A9B15E001CB2A8 /* MainWindow.xib */ = {isa = PBXFileReference; lastKnownFileType = file.xib; path = MainWindow.xib; sourceTree = "<group>"; };
/* End PBXFileReference section */

/* Begin PBXFrameworksBuildPhase section */
		D8CA93BD13A9B15E001CB2A8 /* Frameworks */ = {
			isa = PBXFrameworksBuildPhase;
			buildActionMask = 2147483647;
			files = (
				D8CA93C513A9B15E001CB2A8 /* UIKit.framework in Frameworks */,
				D8CA93C713A9B15E001CB2A8 /* Foundation.framework in Frameworks */,
				D8CA93C913A9B15E001CB2A8 /* CoreGraphics.framework in Frameworks */,
				D8CA93CB13A9B15E001CB2A8 /* QuartzCore.framework in Frameworks */,
				D8CA93CD13A9B15E001CB2A8 /* OpenGLES.framework in Frameworks */,
			);
			runOnlyForDeploymentPostprocessing = 0;
		};
/* End PBXFrameworksBuildPhase section */

/* Begin PBXGroup section */
		D896CC4B1451391400579C9C /* Resources */ = {
			isa = PBXGroup;
			children = (
			);
			name = Resources;
			sourceTree = "<group>";
		};
		D8CA93B513A9B15D001CB2A8 = {
			isa = PBXGroup;
			children = (
				D8A262F71455F4570009B5FB /* Screen shot 2011-10-24 at 2.28.34 PM.png */,
				D896CC4B1451391400579C9C /* Resources */,
				D8CA93CE13A9B15E001CB2A8 /* Circles */,
				D8CA93C313A9B15E001CB2A8 /* Frameworks */,
				D8CA93C113A9B15E001CB2A8 /* Products */,
			);
			sourceTree = "<group>";
		};
		D8CA93C113A9B15E001CB2A8 /* Products */ = {
			isa = PBXGroup;
			children = (
				D8CA93C013A9B15E001CB2A8 /* circles.app */,
			);
			name = Products;
			sourceTree = "<group>";
		};
		D8CA93C313A9B15E001CB2A8 /* Frameworks */ = {
			isa = PBXGroup;
			children = (
				D8CA93C413A9B15E001CB2A8 /* UIKit.framework */,
				D8CA93C613A9B15E001CB2A8 /* Foundation.framework */,
				D8CA93C813A9B15E001CB2A8 /* CoreGraphics.framework */,
				D8CA93CA13A9B15E001CB2A8 /* QuartzCore.framework */,
				D8CA93CC13A9B15E001CB2A8 /* OpenGLES.framework */,
			);
			name = Frameworks;
			sourceTree = "<group>";
		};
		D8CA93CE13A9B15E001CB2A8 /* Circles */ = {
			isa = PBXGroup;
			children = (
				D8A262FF14564F550009B5FB /* circle_sharp.png */,
				D8A262FB14564E1F0009B5FB /* circle_blur.png */,
				D8CA93D713A9B15E001CB2A8 /* ConstantsAndMacros.h */,
				D8CA93D913A9B15E001CB2A8 /* GLView.h */,
				D8CA93DB13A9B15E001CB2A8 /* GLView.m */,
				D8CA93DD13A9B15E001CB2A8 /* GLViewController.h */,
				D8CA93DF13A9B15E001CB2A8 /* GLViewController.m */,
				D8CA93E113A9B15E001CB2A8 /* OpenGLTexture3D.h */,
				D8CA93E313A9B15E001CB2A8 /* OpenGLTexture3D.m */,
				D8CA93E513A9B15E001CB2A8 /* OpenGLCommon.h */,
				D8CA93E713A9B15E001CB2A8 /* Test3AppDelegate.h */,
				D8CA93E913A9B15E001CB2A8 /* Test3AppDelegate.m */,
				D8CA93EB13A9B15E001CB2A8 /* MainWindow.xib */,
				D8CA93CF13A9B15E001CB2A8 /* Supporting Files */,
			);
			name = Circles;
			path = Test3;
			sourceTree = "<group>";
		};
		D8CA93CF13A9B15E001CB2A8 /* Supporting Files */ = {
			isa = PBXGroup;
			children = (
				D8CA93D013A9B15E001CB2A8 /* Circles-Info.plist */,
				D8CA93D113A9B15E001CB2A8 /* InfoPlist.strings */,
				D8CA93D413A9B15E001CB2A8 /* Circles-Prefix.pch */,
				D8CA93D513A9B15E001CB2A8 /* main.m */,
			);
			name = "Supporting Files";
			sourceTree = "<group>";
		};
/* End PBXGroup section */

/* Begin PBXNativeTarget section */
		D8CA93BF13A9B15E001CB2A8 /* Circles */ = {
			isa = PBXNativeTarget;
			buildConfigurationList = D8CA93EF13A9B15E001CB2A8 /* Build configuration list for PBXNativeTarget "Circles" */;
			buildPhases = (
				D8CA93BC13A9B15E001CB2A8 /* Sources */,
				D8CA93BD13A9B15E001CB2A8 /* Frameworks */,
				D8CA93BE13A9B15E001CB2A8 /* Resources */,
			);
			buildRules = (
			);
			dependencies = (
			);
			name = Circles;
			productName = Test3;
			productReference = D8CA93C013A9B15E001CB2A8 /* circles.app */;
			productType = "com.apple.product-type.application";
		};
/* End PBXNativeTarget section */

/* Begin PBXProject section */
		D8CA93B713A9B15D001CB2A8 /* Project object */ = {
			isa = PBXProject;
			attributes = {
				LastUpgradeCheck = 0420;
			};
			buildConfigurationList = D8CA93BA13A9B15D001CB2A8 /* Build configuration list for PBXProject "Circles" */;
			compatibilityVersion = "Xcode 3.2";
			developmentRegion = English;
			hasScannedForEncodings = 0;
			knownRegions = (
				en,
			);
			mainGroup = D8CA93B513A9B15D001CB2A8;
			productRefGroup = D8CA93C113A9B15E001CB2A8 /* Products */;
			projectDirPath = "";
			projectRoot = "";
			targets = (
				D8CA93BF13A9B15E001CB2A8 /* Circles */,
			);
		};
/* End PBXProject section */

/* Begin PBXResourcesBuildPhase section */
		D8CA93BE13A9B15E001CB2A8 /* Resources */ = {
			isa = PBXResourcesBuildPhase;
			buildActionMask = 2147483647;
			files = (
				D8CA93D313A9B15E001CB2A8 /* InfoPlist.strings in Resources */,
				D8CA93D813A9B15E001CB2A8 /* ConstantsAndMacros.h in Resources */,
				D8CA93DA13A9B15E001CB2A8 /* GLView.h in Resources */,
				D8CA93DE13A9B15E001CB2A8 /* GLViewController.h in Resources */,
				D8CA93E213A9B15E001CB2A8 /* OpenGLTexture3D.h in Resources */,
				D8CA93E613A9B15E001CB2A8 /* OpenGLCommon.h in Resources */,
				D8CA93E813A9B15E001CB2A8 /* Test3AppDelegate.h in Resources */,
				D8CA93EC13A9B15E001CB2A8 /* MainWindow.xib in Resources */,
				D8A262F81455F4570009B5FB /* Screen shot 2011-10-24 at 2.28.34 PM.png in Resources */,
				D8A262FC14564E200009B5FB /* circle_blur.png in Resources */,
				D8A2630014564F550009B5FB /* circle_sharp.png in Resources */,
			);
			runOnlyForDeploymentPostprocessing = 0;
		};
/* End PBXResourcesBuildPhase section */

/* Begin PBXSourcesBuildPhase section */
		D8CA93BC13A9B15E001CB2A8 /* Sources */ = {
			isa = PBXSourcesBuildPhase;
			buildActionMask = 2147483647;
			files = (
				D8CA93D613A9B15E001CB2A8 /* main.m in Sources */,
				D8CA93DC13A9B15E001CB2A8 /* GLView.m in Sources */,
				D8CA93E013A9B15E001CB2A8 /* GLViewController.m in Sources */,
				D8CA93E413A9B15E001CB2A8 /* OpenGLTexture3D.m in Sources */,
				D8CA93EA13A9B15E001CB2A8 /* Test3AppDelegate.m in Sources */,
			);
			runOnlyForDeploymentPostprocessing = 0;
		};
/* End PBXSourcesBuildPhase section */

/* Begin PBXVariantGroup section */
		D8CA93D113A9B15E001CB2A8 /* InfoPlist.strings */ = {
			isa = PBXVariantGroup;
			children = (
				D8CA93D213A9B15E001CB2A8 /* en */,
			);
			name = InfoPlist.strings;
			sourceTree = "<group>";
		};
/* End PBXVariantGroup section */

/* Begin XCBuildConfiguration section */
		D8CA93ED13A9B15E001CB2A8 /* Debug */ = {
			isa = XCBuildConfiguration;
			buildSettings = {
				ARCHS = "$(ARCHS_STANDARD_32_BIT)";
				"CODE_SIGN_IDENTITY[sdk=iphoneos*]" = "iPhone Developer";
				GCC_C_LANGUAGE_STANDARD = gnu99;
				GCC_OPTIMIZATION_LEVEL = 0;
				GCC_PREPROCESSOR_DEFINITIONS = DEBUG;
				GCC_SYMBOLS_PRIVATE_EXTERN = NO;
				GCC_VERSION = com.apple.compilers.llvmgcc42;
				GCC_WARN_ABOUT_RETURN_TYPE = YES;
				GCC_WARN_UNUSED_VARIABLE = YES;
				IPHONEOS_DEPLOYMENT_TARGET = 5.0;
				SDKROOT = iphoneos;
				TARGETED_DEVICE_FAMILY = 1;
			};
			name = Debug;
		};
		D8CA93EE13A9B15E001CB2A8 /* Release */ = {
			isa = XCBuildConfiguration;
			buildSettings = {
				ARCHS = "$(ARCHS_STANDARD_32_BIT)";
				"CODE_SIGN_IDENTITY[sdk=iphoneos*]" = "iPhone Developer";
				GCC_C_LANGUAGE_STANDARD = gnu99;
				GCC_VERSION = com.apple.compilers.llvmgcc42;
				GCC_WARN_ABOUT_RETURN_TYPE = YES;
				GCC_WARN_UNUSED_VARIABLE = YES;
				IPHONEOS_DEPLOYMENT_TARGET = 5.0;
				OTHER_CFLAGS = "-DNS_BLOCK_ASSERTIONS=1";
				SDKROOT = iphoneos;
				TARGETED_DEVICE_FAMILY = 1;
			};
			name = Release;
		};
		D8CA93F013A9B15E001CB2A8 /* Debug */ = {
			isa = XCBuildConfiguration;
			buildSettings = {
				ALWAYS_SEARCH_USER_PATHS = NO;
				"CODE_SIGN_IDENTITY[sdk=iphoneos*]" = "iPhone Developer";
				COPY_PHASE_STRIP = NO;
				GCC_DYNAMIC_NO_PIC = NO;
				GCC_PRECOMPILE_PREFIX_HEADER = YES;
				GCC_PREFIX_HEADER = "Test3/Circles-Prefix.pch";
				"GCC_THUMB_SUPPORT[arch=armv6]" = "";
				GCC_VERSION = com.apple.compilers.llvm.clang.1_0;
				INFOPLIST_FILE = "Test3/Circles-Info.plist";
				PRODUCT_NAME = circles;
				"PROVISIONING_PROFILE[sdk=iphoneos*]" = "";
				WRAPPER_EXTENSION = app;
			};
			name = Debug;
		};
		D8CA93F113A9B15E001CB2A8 /* Release */ = {
			isa = XCBuildConfiguration;
			buildSettings = {
				ALWAYS_SEARCH_USER_PATHS = NO;
				"CODE_SIGN_IDENTITY[sdk=iphoneos*]" = "iPhone Developer";
				COPY_PHASE_STRIP = YES;
				GCC_PRECOMPILE_PREFIX_HEADER = YES;
				GCC_PREFIX_HEADER = "Test3/Circles-Prefix.pch";
				"GCC_THUMB_SUPPORT[arch=armv6]" = "";
				GCC_VERSION = com.apple.compilers.llvm.clang.1_0;
				INFOPLIST_FILE = "Test3/Circles-Info.plist";
				PRODUCT_NAME = circles;
				"PROVISIONING_PROFILE[sdk=iphoneos*]" = "";
				VALIDATE_PRODUCT = YES;
				WRAPPER_EXTENSION = app;
			};
			name = Release;
		};
/* End XCBuildConfiguration section */

/* Begin XCConfigurationList section */
		D8CA93BA13A9B15D001CB2A8 /* Build configuration list for PBXProject "Circles" */ = {
			isa = XCConfigurationList;
			buildConfigurations = (
				D8CA93ED13A9B15E001CB2A8 /* Debug */,
				D8CA93EE13A9B15E001CB2A8 /* Release */,
			);
			defaultConfigurationIsVisible = 0;
			defaultConfigurationName = Release;
		};
		D8CA93EF13A9B15E001CB2A8 /* Build configuration list for PBXNativeTarget "Circles" */ = {
			isa = XCConfigurationList;
			buildConfigurations = (
				D8CA93F013A9B15E001CB2A8 /* Debug */,
				D8CA93F113A9B15E001CB2A8 /* Release */,
			);
			defaultConfigurationIsVisible = 0;
			defaultConfigurationName = Release;
		};
/* End XCConfigurationList section */
	};
	rootObject = D8CA93B713A9B15D001CB2A8 /* Project object */;
}
